
Microsoft Visual Studio Solution File, Format Version 12.00
# Visual Studio 15
VisualStudioVersion = 15.0.27428.2043
MinimumVisualStudioVersion = 10.0.40219.1
Project("{FAE04EC0-301F-11D3-BF4B-00C04F79EFBC}") = "stravarage_2018", "stravarage_2018\stravarage_2018.csproj", "{85C09068-3242-4F05-B939-35C44B444CEC}"
EndProject
Project("{FAE04EC0-301F-11D3-BF4B-00C04F79EFBC}") = "stravarage_2018.Tests", "stravarage_2018.Tests\stravarage_2018.Tests.csproj", "{AA28F76E-D478-44AE-9139-E85767E83126}"
EndProject
Global
	GlobalSection(SolutionConfigurationPlatforms) = preSolution
		Debug|Any CPU = Debug|Any CPU
		Release|Any CPU = Release|Any CPU
	EndGlobalSection
	GlobalSection(ProjectConfigurationPlatforms) = postSolution
		{85C09068-3242-4F05-B939-35C44B444CEC}.Debug|Any CPU.ActiveCfg = Debug|Any CPU
		{85C09068-3242-4F05-B939-35C44B444CEC}.Debug|Any CPU.Build.0 = Debug|Any CPU
		{85C09068-3242-4F05-B939-35C44B444CEC}.Release|Any CPU.ActiveCfg = Release|Any CPU
		{85C09068-3242-4F05-B939-35C44B444CEC}.Release|Any CPU.Build.0 = Release|Any CPU
		{AA28F76E-D478-44AE-9139-E85767E83126}.Debug|Any CPU.ActiveCfg = Debug|Any CPU
		{AA28F76E-D478-44AE-9139-E85767E83126}.Debug|Any CPU.Build.0 = Debug|Any CPU
		{AA28F76E-D478-44AE-9139-E85767E83126}.Release|Any CPU.ActiveCfg = Release|Any CPU
		{AA28F76E-D478-44AE-9139-E85767E83126}.Release|Any CPU.Build.0 = Release|Any CPU
	EndGlobalSection
	GlobalSection(SolutionProperties) = preSolution
		HideSolutionNode = FALSE
	EndGlobalSection
	GlobalSection(ExtensibilityGlobals) = postSolution
		SolutionGuid = {0B0C754C-CCA4-48D6-B60A-D7D9E5C11200}
	EndGlobalSection
EndGlobal
